
Microsoft Visual Studio Solution File, Format Version 12.00
Project("{FAE04EC0-301F-11D3-BF4B-00C04F79EFBC}") = "ToDoApp", "ToDoApp\ToDoApp.csproj", "{0E812F9F-C2C2-48D9-B8FB-A9B4B1651B64}"
EndProject
Global
	GlobalSection(SolutionConfigurationPlatforms) = preSolution
		Debug|Any CPU = Debug|Any CPU
		Release|Any CPU = Release|Any CPU
	EndGlobalSection
	GlobalSection(ProjectConfigurationPlatforms) = postSolution
		{0E812F9F-C2C2-48D9-B8FB-A9B4B1651B64}.Debug|Any CPU.ActiveCfg = Debug|Any CPU
		{0E812F9F-C2C2-48D9-B8FB-A9B4B1651B64}.Debug|Any CPU.Build.0 = Debug|Any CPU
		{0E812F9F-C2C2-48D9-B8FB-A9B4B1651B64}.Release|Any CPU.ActiveCfg = Release|Any CPU
		{0E812F9F-C2C2-48D9-B8FB-A9B4B1651B64}.Release|Any CPU.Build.0 = Release|Any CPU
	EndGlobalSection
EndGlobal
